// !$*UTF8*$!
{
	archiveVersion = 1;
	classes = {
	};
	objectVersion = 51;
	objects = {

/* Begin PBXBuildFile section */
		DEE621E99F95C3507878CA2E /* Pods_Players.framework in Frameworks */ = {isa = PBXBuildFile; fileRef = 7F0D32AC464A87BD8F7078F2 /* Pods_Players.framework */; };
		F1ACD63926E0979000E4FA56 /* AppDelegate.swift in Sources */ = {isa = PBXBuildFile; fileRef = F1ACD63826E0979000E4FA56 /* AppDelegate.swift */; };
		F1ACD63B26E0979000E4FA56 /* SceneDelegate.swift in Sources */ = {isa = PBXBuildFile; fileRef = F1ACD63A26E0979000E4FA56 /* SceneDelegate.swift */; };
		F1ACD63D26E0979000E4FA56 /* ViewController.swift in Sources */ = {isa = PBXBuildFile; fileRef = F1ACD63C26E0979000E4FA56 /* ViewController.swift */; };
		F1ACD64026E0979000E4FA56 /* Main.storyboard in Resources */ = {isa = PBXBuildFile; fileRef = F1ACD63E26E0979000E4FA56 /* Main.storyboard */; };
		F1ACD64226E0979500E4FA56 /* Assets.xcassets in Resources */ = {isa = PBXBuildFile; fileRef = F1ACD64126E0979500E4FA56 /* Assets.xcassets */; };
		F1ACD64526E0979500E4FA56 /* LaunchScreen.storyboard in Resources */ = {isa = PBXBuildFile; fileRef = F1ACD64326E0979500E4FA56 /* LaunchScreen.storyboard */; };
		F1ACD65526E0B3A100E4FA56 /* PlayerDataModel.swift in Sources */ = {isa = PBXBuildFile; fileRef = F1ACD65426E0B3A100E4FA56 /* PlayerDataModel.swift */; };
		F1ACD66326E7D19300E4FA56 /* PlayerViewController.swift in Sources */ = {isa = PBXBuildFile; fileRef = F1ACD66226E7D19300E4FA56 /* PlayerViewController.swift */; };
/* End PBXBuildFile section */

/* Begin PBXFileReference section */
		75B4C1BA285030CA798217A4 /* Pods-Players.debug.xcconfig */ = {isa = PBXFileReference; includeInIndex = 1; lastKnownFileType = text.xcconfig; name = "Pods-Players.debug.xcconfig"; path = "Target Support Files/Pods-Players/Pods-Players.debug.xcconfig"; sourceTree = "<group>"; };
		7F0D32AC464A87BD8F7078F2 /* Pods_Players.framework */ = {isa = PBXFileReference; explicitFileType = wrapper.framework; includeInIndex = 0; path = Pods_Players.framework; sourceTree = BUILT_PRODUCTS_DIR; };
		DFD431AC26FBD0B6AF218A89 /* Pods-Players.release.xcconfig */ = {isa = PBXFileReference; includeInIndex = 1; lastKnownFileType = text.xcconfig; name = "Pods-Players.release.xcconfig"; path = "Target Support Files/Pods-Players/Pods-Players.release.xcconfig"; sourceTree = "<group>"; };
		F1ACD63526E0979000E4FA56 /* Players.app */ = {isa = PBXFileReference; explicitFileType = wrapper.application; includeInIndex = 0; path = Players.app; sourceTree = BUILT_PRODUCTS_DIR; };
		F1ACD63826E0979000E4FA56 /* AppDelegate.swift */ = {isa = PBXFileReference; lastKnownFileType = sourcecode.swift; path = AppDelegate.swift; sourceTree = "<group>"; };
		F1ACD63A26E0979000E4FA56 /* SceneDelegate.swift */ = {isa = PBXFileReference; lastKnownFileType = sourcecode.swift; path = SceneDelegate.swift; sourceTree = "<group>"; };
		F1ACD63C26E0979000E4FA56 /* ViewController.swift */ = {isa = PBXFileReference; lastKnownFileType = sourcecode.swift; path = ViewController.swift; sourceTree = "<group>"; };
		F1ACD63F26E0979000E4FA56 /* Base */ = {isa = PBXFileReference; lastKnownFileType = file.storyboard; name = Base; path = Base.lproj/Main.storyboard; sourceTree = "<group>"; };
		F1ACD64126E0979500E4FA56 /* Assets.xcassets */ = {isa = PBXFileReference; lastKnownFileType = folder.assetcatalog; path = Assets.xcassets; sourceTree = "<group>"; };
		F1ACD64426E0979500E4FA56 /* Base */ = {isa = PBXFileReference; lastKnownFileType = file.storyboard; name = Base; path = Base.lproj/LaunchScreen.storyboard; sourceTree = "<group>"; };
		F1ACD64626E0979500E4FA56 /* Info.plist */ = {isa = PBXFileReference; lastKnownFileType = text.plist.xml; path = Info.plist; sourceTree = "<group>"; };
		F1ACD65426E0B3A100E4FA56 /* PlayerDataModel.swift */ = {isa = PBXFileReference; lastKnownFileType = sourcecode.swift; path = PlayerDataModel.swift; sourceTree = "<group>"; };
		F1ACD66226E7D19300E4FA56 /* PlayerViewController.swift */ = {isa = PBXFileReference; lastKnownFileType = sourcecode.swift; path = PlayerViewController.swift; sourceTree = "<group>"; };
/* End PBXFileReference section */

/* Begin PBXFrameworksBuildPhase section */
		F1ACD63226E0979000E4FA56 /* Frameworks */ = {
			isa = PBXFrameworksBuildPhase;
			buildActionMask = 2147483647;
			files = (
				DEE621E99F95C3507878CA2E /* Pods_Players.framework in Frameworks */,
			);
			runOnlyForDeploymentPostprocessing = 0;
		};
/* End PBXFrameworksBuildPhase section */

/* Begin PBXGroup section */
		6D2CE478A81EFF0630B73B47 /* Pods */ = {
			isa = PBXGroup;
			children = (
				75B4C1BA285030CA798217A4 /* Pods-Players.debug.xcconfig */,
				DFD431AC26FBD0B6AF218A89 /* Pods-Players.release.xcconfig */,
			);
			path = Pods;
			sourceTree = "<group>";
		};
		CD47AB6B108F31BD23C66192 /* Frameworks */ = {
			isa = PBXGroup;
			children = (
				7F0D32AC464A87BD8F7078F2 /* Pods_Players.framework */,
			);
			name = Frameworks;
			sourceTree = "<group>";
		};
		F1ACD62C26E0979000E4FA56 = {
			isa = PBXGroup;
			children = (
				F1ACD63726E0979000E4FA56 /* Players */,
				F1ACD63626E0979000E4FA56 /* Products */,
				6D2CE478A81EFF0630B73B47 /* Pods */,
				CD47AB6B108F31BD23C66192 /* Frameworks */,
			);
			sourceTree = "<group>";
		};
		F1ACD63626E0979000E4FA56 /* Products */ = {
			isa = PBXGroup;
			children = (
				F1ACD63526E0979000E4FA56 /* Players.app */,
			);
			name = Products;
			sourceTree = "<group>";
		};
		F1ACD63726E0979000E4FA56 /* Players */ = {
			isa = PBXGroup;
			children = (
				F1ACD64F26E0990200E4FA56 /* Controller */,
				F1ACD64E26E098DB00E4FA56 /* View */,
				F1ACD64D26E098A600E4FA56 /* Model */,
				F1ACD64126E0979500E4FA56 /* Assets.xcassets */,
				F1ACD64626E0979500E4FA56 /* Info.plist */,
			);
			path = Players;
			sourceTree = "<group>";
		};
		F1ACD64D26E098A600E4FA56 /* Model */ = {
			isa = PBXGroup;
			children = (
				F1ACD65426E0B3A100E4FA56 /* PlayerDataModel.swift */,
			);
			path = Model;
			sourceTree = "<group>";
		};
		F1ACD64E26E098DB00E4FA56 /* View */ = {
			isa = PBXGroup;
			children = (
				F1ACD64326E0979500E4FA56 /* LaunchScreen.storyboard */,
				F1ACD63E26E0979000E4FA56 /* Main.storyboard */,
			);
			path = View;
			sourceTree = "<group>";
		};
		F1ACD64F26E0990200E4FA56 /* Controller */ = {
			isa = PBXGroup;
			children = (
				F1ACD63A26E0979000E4FA56 /* SceneDelegate.swift */,
				F1ACD63C26E0979000E4FA56 /* ViewController.swift */,
				F1ACD63826E0979000E4FA56 /* AppDelegate.swift */,
				F1ACD66226E7D19300E4FA56 /* PlayerViewController.swift */,
			);
			path = Controller;
			sourceTree = "<group>";
		};
/* End PBXGroup section */

/* Begin PBXNativeTarget section */
		F1ACD63426E0979000E4FA56 /* Players */ = {
			isa = PBXNativeTarget;
			buildConfigurationList = F1ACD64926E0979500E4FA56 /* Build configuration list for PBXNativeTarget "Players" */;
			buildPhases = (
				059E60558825C6066867E32A /* [CP] Check Pods Manifest.lock */,
				F1ACD63126E0979000E4FA56 /* Sources */,
				F1ACD63226E0979000E4FA56 /* Frameworks */,
				F1ACD63326E0979000E4FA56 /* Resources */,
				B7D6E8FB331BD480A5547015 /* [CP] Embed Pods Frameworks */,
			);
			buildRules = (
			);
			dependencies = (
			);
			name = Players;
			productName = Players;
			productReference = F1ACD63526E0979000E4FA56 /* Players.app */;
			productType = "com.apple.product-type.application";
		};
/* End PBXNativeTarget section */

/* Begin PBXProject section */
		F1ACD62D26E0979000E4FA56 /* Project object */ = {
			isa = PBXProject;
			attributes = {
				LastSwiftUpdateCheck = 1230;
				LastUpgradeCheck = 1230;
				TargetAttributes = {
					F1ACD63426E0979000E4FA56 = {
						CreatedOnToolsVersion = 12.3;
					};
				};
			};
			buildConfigurationList = F1ACD63026E0979000E4FA56 /* Build configuration list for PBXProject "Players" */;
			compatibilityVersion = "Xcode 9.3";
			developmentRegion = en;
			hasScannedForEncodings = 0;
			knownRegions = (
				en,
				Base,
			);
			mainGroup = F1ACD62C26E0979000E4FA56;
			productRefGroup = F1ACD63626E0979000E4FA56 /* Products */;
			projectDirPath = "";
			projectRoot = "";
			targets = (
				F1ACD63426E0979000E4FA56 /* Players */,
			);
		};
/* End PBXProject section */

/* Begin PBXResourcesBuildPhase section */
		F1ACD63326E0979000E4FA56 /* Resources */ = {
			isa = PBXResourcesBuildPhase;
			buildActionMask = 2147483647;
			files = (
				F1ACD64526E0979500E4FA56 /* LaunchScreen.storyboard in Resources */,
				F1ACD64226E0979500E4FA56 /* Assets.xcassets in Resources */,
				F1ACD64026E0979000E4FA56 /* Main.storyboard in Resources */,
			);
			runOnlyForDeploymentPostprocessing = 0;
		};
/* End PBXResourcesBuildPhase section */

/* Begin PBXShellScriptBuildPhase section */
		059E60558825C6066867E32A /* [CP] Check Pods Manifest.lock */ = {
			isa = PBXShellScriptBuildPhase;
			buildActionMask = 2147483647;
			files = (
			);
			inputFileListPaths = (
			);
			inputPaths = (
				"${PODS_PODFILE_DIR_PATH}/Podfile.lock",
				"${PODS_ROOT}/Manifest.lock",
			);
			name = "[CP] Check Pods Manifest.lock";
			outputFileListPaths = (
			);
			outputPaths = (
				"$(DERIVED_FILE_DIR)/Pods-Players-checkManifestLockResult.txt",
			);
			runOnlyForDeploymentPostprocessing = 0;
			shellPath = /bin/sh;
			shellScript = "diff \"${PODS_PODFILE_DIR_PATH}/Podfile.lock\" \"${PODS_ROOT}/Manifest.lock\" > /dev/null\nif [ $? != 0 ] ; then\n    # print error to STDERR\n    echo \"error: The sandbox is not in sync with the Podfile.lock. Run 'pod install' or update your CocoaPods installation.\" >&2\n    exit 1\nfi\n# This output is used by Xcode 'outputs' to avoid re-running this script phase.\necho \"SUCCESS\" > \"${SCRIPT_OUTPUT_FILE_0}\"\n";
			showEnvVarsInLog = 0;
		};
		B7D6E8FB331BD480A5547015 /* [CP] Embed Pods Frameworks */ = {
			isa = PBXShellScriptBuildPhase;
			buildActionMask = 2147483647;
			files = (
			);
			inputFileListPaths = (
				"${PODS_ROOT}/Target Support Files/Pods-Players/Pods-Players-frameworks-${CONFIGURATION}-input-files.xcfilelist",
			);
			name = "[CP] Embed Pods Frameworks";
			outputFileListPaths = (
				"${PODS_ROOT}/Target Support Files/Pods-Players/Pods-Players-frameworks-${CONFIGURATION}-output-files.xcfilelist",
			);
			runOnlyForDeploymentPostprocessing = 0;
			shellPath = /bin/sh;
			shellScript = "\"${PODS_ROOT}/Target Support Files/Pods-Players/Pods-Players-frameworks.sh\"\n";
			showEnvVarsInLog = 0;
		};
/* End PBXShellScriptBuildPhase section */

/* Begin PBXSourcesBuildPhase section */
		F1ACD63126E0979000E4FA56 /* Sources */ = {
			isa = PBXSourcesBuildPhase;
			buildActionMask = 2147483647;
			files = (
				F1ACD65526E0B3A100E4FA56 /* PlayerDataModel.swift in Sources */,
				F1ACD63D26E0979000E4FA56 /* ViewController.swift in Sources */,
				F1ACD63926E0979000E4FA56 /* AppDelegate.swift in Sources */,
				F1ACD63B26E0979000E4FA56 /* SceneDelegate.swift in Sources */,
				F1ACD66326E7D19300E4FA56 /* PlayerViewController.swift in Sources */,
			);
			runOnlyForDeploymentPostprocessing = 0;
		};
/* End PBXSourcesBuildPhase section */

/* Begin PBXVariantGroup section */
		F1ACD63E26E0979000E4FA56 /* Main.storyboard */ = {
			isa = PBXVariantGroup;
			children = (
				F1ACD63F26E0979000E4FA56 /* Base */,
			);
			name = Main.storyboard;
			sourceTree = "<group>";
		};
		F1ACD64326E0979500E4FA56 /* LaunchScreen.storyboard */ = {
			isa = PBXVariantGroup;
			children = (
				F1ACD64426E0979500E4FA56 /* Base */,
			);
			name = LaunchScreen.storyboard;
			sourceTree = "<group>";
		};
/* End PBXVariantGroup section */

/* Begin XCBuildConfiguration section */
		F1ACD64726E0979500E4FA56 /* Debug */ = {
			isa = XCBuildConfiguration;
			buildSettings = {
				ALWAYS_SEARCH_USER_PATHS = NO;
				CLANG_ANALYZER_NONNULL = YES;
				CLANG_ANALYZER_NUMBER_OBJECT_CONVERSION = YES_AGGRESSIVE;
				CLANG_CXX_LANGUAGE_STANDARD = "gnu++14";
				CLANG_CXX_LIBRARY = "libc++";
				CLANG_ENABLE_MODULES = YES;
				CLANG_ENABLE_OBJC_ARC = YES;
				CLANG_ENABLE_OBJC_WEAK = YES;
				CLANG_WARN_BLOCK_CAPTURE_AUTORELEASING = YES;
				CLANG_WARN_BOOL_CONVERSION = YES;
				CLANG_WARN_COMMA = YES;
				CLANG_WARN_CONSTANT_CONVERSION = YES;
				CLANG_WARN_DEPRECATED_OBJC_IMPLEMENTATIONS = YES;
				CLANG_WARN_DIRECT_OBJC_ISA_USAGE = YES_ERROR;
				CLANG_WARN_DOCUMENTATION_COMMENTS = YES;
				CLANG_WARN_EMPTY_BODY = YES;
				CLANG_WARN_ENUM_CONVERSION = YES;
				CLANG_WARN_INFINITE_RECURSION = YES;
				CLANG_WARN_INT_CONVERSION = YES;
				CLANG_WARN_NON_LITERAL_NULL_CONVERSION = YES;
				CLANG_WARN_OBJC_IMPLICIT_RETAIN_SELF = YES;
				CLANG_WARN_OBJC_LITERAL_CONVERSION = YES;
				CLANG_WARN_OBJC_ROOT_CLASS = YES_ERROR;
				CLANG_WARN_QUOTED_INCLUDE_IN_FRAMEWORK_HEADER = YES;
				CLANG_WARN_RANGE_LOOP_ANALYSIS = YES;
				CLANG_WARN_STRICT_PROTOTYPES = YES;
				CLANG_WARN_SUSPICIOUS_MOVE = YES;
				CLANG_WARN_UNGUARDED_AVAILABILITY = YES_AGGRESSIVE;
				CLANG_WARN_UNREACHABLE_CODE = YES;
				CLANG_WARN__DUPLICATE_METHOD_MATCH = YES;
				COPY_PHASE_STRIP = NO;
				DEBUG_INFORMATION_FORMAT = dwarf;
				ENABLE_STRICT_OBJC_MSGSEND = YES;
				ENABLE_TESTABILITY = YES;
				GCC_C_LANGUAGE_STANDARD = gnu11;
				GCC_DYNAMIC_NO_PIC = NO;
				GCC_NO_COMMON_BLOCKS = YES;
				GCC_OPTIMIZATION_LEVEL = 0;
				GCC_PREPROCESSOR_DEFINITIONS = (
					"DEBUG=1",
					"$(inherited)",
				);
				GCC_WARN_64_TO_32_BIT_CONVERSION = YES;
				GCC_WARN_ABOUT_RETURN_TYPE = YES_ERROR;
				GCC_WARN_UNDECLARED_SELECTOR = YES;
				GCC_WARN_UNINITIALIZED_AUTOS = YES_AGGRESSIVE;
				GCC_WARN_UNUSED_FUNCTION = YES;
				GCC_WARN_UNUSED_VARIABLE = YES;
				IPHONEOS_DEPLOYMENT_TARGET = 14.3;
				MTL_ENABLE_DEBUG_INFO = INCLUDE_SOURCE;
				MTL_FAST_MATH = YES;
				ONLY_ACTIVE_ARCH = YES;
				SDKROOT = iphoneos;
				SWIFT_ACTIVE_COMPILATION_CONDITIONS = DEBUG;
				SWIFT_OPTIMIZATION_LEVEL = "-Onone";
			};
			name = Debug;
		};
		F1ACD64826E0979500E4FA56 /* Release */ = {
			isa = XCBuildConfiguration;
			buildSettings = {
				ALWAYS_SEARCH_USER_PATHS = NO;
				CLANG_ANALYZER_NONNULL = YES;
				CLANG_ANALYZER_NUMBER_OBJECT_CONVERSION = YES_AGGRESSIVE;
				CLANG_CXX_LANGUAGE_STANDARD = "gnu++14";
				CLANG_CXX_LIBRARY = "libc++";
				CLANG_ENABLE_MODULES = YES;
				CLANG_ENABLE_OBJC_ARC = YES;
				CLANG_ENABLE_OBJC_WEAK = YES;
				CLANG_WARN_BLOCK_CAPTURE_AUTORELEASING = YES;
				CLANG_WARN_BOOL_CONVERSION = YES;
				CLANG_WARN_COMMA = YES;
				CLANG_WARN_CONSTANT_CONVERSION = YES;
				CLANG_WARN_DEPRECATED_OBJC_IMPLEMENTATIONS = YES;
				CLANG_WARN_DIRECT_OBJC_ISA_USAGE = YES_ERROR;
				CLANG_WARN_DOCUMENTATION_COMMENTS = YES;
				CLANG_WARN_EMPTY_BODY = YES;
				CLANG_WARN_ENUM_CONVERSION = YES;
				CLANG_WARN_INFINITE_RECURSION = YES;
				CLANG_WARN_INT_CONVERSION = YES;
				CLANG_WARN_NON_LITERAL_NULL_CONVERSION = YES;
				CLANG_WARN_OBJC_IMPLICIT_RETAIN_SELF = YES;
				CLANG_WARN_OBJC_LITERAL_CONVERSION = YES;
				CLANG_WARN_OBJC_ROOT_CLASS = YES_ERROR;
				CLANG_WARN_QUOTED_INCLUDE_IN_FRAMEWORK_HEADER = YES;
				CLANG_WARN_RANGE_LOOP_ANALYSIS = YES;
				CLANG_WARN_STRICT_PROTOTYPES = YES;
				CLANG_WARN_SUSPICIOUS_MOVE = YES;
				CLANG_WARN_UNGUARDED_AVAILABILITY = YES_AGGRESSIVE;
				CLANG_WARN_UNREACHABLE_CODE = YES;
				CLANG_WARN__DUPLICATE_METHOD_MATCH = YES;
				COPY_PHASE_STRIP = NO;
				DEBUG_INFORMATION_FORMAT = "dwarf-with-dsym";
				ENABLE_NS_ASSERTIONS = NO;
				ENABLE_STRICT_OBJC_MSGSEND = YES;
				GCC_C_LANGUAGE_STANDARD = gnu11;
				GCC_NO_COMMON_BLOCKS = YES;
				GCC_WARN_64_TO_32_BIT_CONVERSION = YES;
				GCC_WARN_ABOUT_RETURN_TYPE = YES_ERROR;
				GCC_WARN_UNDECLARED_SELECTOR = YES;
				GCC_WARN_UNINITIALIZED_AUTOS = YES_AGGRESSIVE;
				GCC_WARN_UNUSED_FUNCTION = YES;
				GCC_WARN_UNUSED_VARIABLE = YES;
				IPHONEOS_DEPLOYMENT_TARGET = 14.3;
				MTL_ENABLE_DEBUG_INFO = NO;
				MTL_FAST_MATH = YES;
				SDKROOT = iphoneos;
				SWIFT_COMPILATION_MODE = wholemodule;
				SWIFT_OPTIMIZATION_LEVEL = "-O";
				VALIDATE_PRODUCT = YES;
			};
			name = Release;
		};
		F1ACD64A26E0979500E4FA56 /* Debug */ = {
			isa = XCBuildConfiguration;
			baseConfigurationReference = 75B4C1BA285030CA798217A4 /* Pods-Players.debug.xcconfig */;
			buildSettings = {
				ASSETCATALOG_COMPILER_APPICON_NAME = AppIcon;
				ASSETCATALOG_COMPILER_GLOBAL_ACCENT_COLOR_NAME = AccentColor;
				CODE_SIGN_STYLE = Automatic;
				INFOPLIST_FILE = Players/Info.plist;
				LD_RUNPATH_SEARCH_PATHS = (
					"$(inherited)",
					"@executable_path/Frameworks",
				);
				PRODUCT_BUNDLE_IDENTIFIER = com.sheetanshu.Players;
				PRODUCT_NAME = "$(TARGET_NAME)";
				SWIFT_VERSION = 5.0;
				TARGETED_DEVICE_FAMILY = "1,2";
			};
			name = Debug;
		};
		F1ACD64B26E0979500E4FA56 /* Release */ = {
			isa = XCBuildConfiguration;
			baseConfigurationReference = DFD431AC26FBD0B6AF218A89 /* Pods-Players.release.xcconfig */;
			buildSettings = {
				ASSETCATALOG_COMPILER_APPICON_NAME = AppIcon;
				ASSETCATALOG_COMPILER_GLOBAL_ACCENT_COLOR_NAME = AccentColor;
				CODE_SIGN_STYLE = Automatic;
				INFOPLIST_FILE = Players/Info.plist;
				LD_RUNPATH_SEARCH_PATHS = (
					"$(inherited)",
					"@executable_path/Frameworks",
				);
				PRODUCT_BUNDLE_IDENTIFIER = com.sheetanshu.Players;
				PRODUCT_NAME = "$(TARGET_NAME)";
				SWIFT_VERSION = 5.0;
				TARGETED_DEVICE_FAMILY = "1,2";
			};
			name = Release;
		};
/* End XCBuildConfiguration section */

/* Begin XCConfigurationList section */
		F1ACD63026E0979000E4FA56 /* Build configuration list for PBXProject "Players" */ = {
			isa = XCConfigurationList;
			buildConfigurations = (
				F1ACD64726E0979500E4FA56 /* Debug */,
				F1ACD64826E0979500E4FA56 /* Release */,
			);
			defaultConfigurationIsVisible = 0;
			defaultConfigurationName = Release;
		};
		F1ACD64926E0979500E4FA56 /* Build configuration list for PBXNativeTarget "Players" */ = {
			isa = XCConfigurationList;
			buildConfigurations = (
				F1ACD64A26E0979500E4FA56 /* Debug */,
				F1ACD64B26E0979500E4FA56 /* Release */,
			);
			defaultConfigurationIsVisible = 0;
			defaultConfigurationName = Release;
		};
/* End XCConfigurationList section */
	};
	rootObject = F1ACD62D26E0979000E4FA56 /* Project object */;
}
